
Microsoft Visual Studio Solution File, Format Version 12.00
# Visual Studio 15
VisualStudioVersion = 15.0.28010.2003
MinimumVisualStudioVersion = 10.0.40219.1
Project("{FAE04EC0-301F-11D3-BF4B-00C04F79EFBC}") = "CashRegister", "CashRegister\CashRegister.csproj", "{77C3798B-C536-4765-93D2-82A76BB636F2}"
EndProject
Project("{FAE04EC0-301F-11D3-BF4B-00C04F79EFBC}") = "CashRegister.Data", "CashRegister.Domain\CashRegister.Data.csproj", "{52257F79-EB8E-4989-AEC6-BFBCA420A7D1}"
EndProject
Project("{FAE04EC0-301F-11D3-BF4B-00C04F79EFBC}") = "CashRegister.ExecuteBusinessLogic", "CashRegister.ExecuteBusinessLogic\CashRegister.ExecuteBusinessLogic.csproj", "{0E592A5D-BEC6-4EDB-80A8-B2F0A42C9400}"
EndProject
Global
	GlobalSection(SolutionConfigurationPlatforms) = preSolution
		Debug|Any CPU = Debug|Any CPU
		Release|Any CPU = Release|Any CPU
	EndGlobalSection
	GlobalSection(ProjectConfigurationPlatforms) = postSolution
		{77C3798B-C536-4765-93D2-82A76BB636F2}.Debug|Any CPU.ActiveCfg = Debug|Any CPU
		{77C3798B-C536-4765-93D2-82A76BB636F2}.Debug|Any CPU.Build.0 = Debug|Any CPU
		{77C3798B-C536-4765-93D2-82A76BB636F2}.Release|Any CPU.ActiveCfg = Release|Any CPU
		{77C3798B-C536-4765-93D2-82A76BB636F2}.Release|Any CPU.Build.0 = Release|Any CPU
		{52257F79-EB8E-4989-AEC6-BFBCA420A7D1}.Debug|Any CPU.ActiveCfg = Debug|Any CPU
		{52257F79-EB8E-4989-AEC6-BFBCA420A7D1}.Debug|Any CPU.Build.0 = Debug|Any CPU
		{52257F79-EB8E-4989-AEC6-BFBCA420A7D1}.Release|Any CPU.ActiveCfg = Release|Any CPU
		{52257F79-EB8E-4989-AEC6-BFBCA420A7D1}.Release|Any CPU.Build.0 = Release|Any CPU
		{0E592A5D-BEC6-4EDB-80A8-B2F0A42C9400}.Debug|Any CPU.ActiveCfg = Debug|Any CPU
		{0E592A5D-BEC6-4EDB-80A8-B2F0A42C9400}.Debug|Any CPU.Build.0 = Debug|Any CPU
		{0E592A5D-BEC6-4EDB-80A8-B2F0A42C9400}.Release|Any CPU.ActiveCfg = Release|Any CPU
		{0E592A5D-BEC6-4EDB-80A8-B2F0A42C9400}.Release|Any CPU.Build.0 = Release|Any CPU
	EndGlobalSection
	GlobalSection(SolutionProperties) = preSolution
		HideSolutionNode = FALSE
	EndGlobalSection
	GlobalSection(ExtensibilityGlobals) = postSolution
		SolutionGuid = {B9AD49B2-2384-4DB7-AE66-CC3609B6BF32}
	EndGlobalSection
EndGlobal
